{
  "name": "@agentops/copilot-sdk",
  "version": "0.1.0",
  "lockfileVersion": 3,
  "requires": true,
  "packages": {
    "": {
      "name": "@agentops/copilot-sdk",
      "version": "0.1.0",
      "license": "MIT",
      "engines": {
        "node": ">=20"
      },
      "peerDependencies": {
        "@github/copilot-sdk": ">=0.1.0 <2"
      },
      "peerDependenciesMeta": {
        "@github/copilot-sdk": {
          "optional": true
        }
      }
    }
  }
}
